
Microsoft Visual Studio Solution File, Format Version 12.00
# Visual Studio Version 17
VisualStudioVersion = 17.0.31903.59
MinimumVisualStudioVersion = 10.0.40219.1
Project("{2150E333-8FDC-42A3-9474-1A3956D46DE8}") = "src", "src", "{EEDF3572-A45C-4C76-B154-AB7A4A59944A}"
EndProject
Project("{2150E333-8FDC-42A3-9474-1A3956D46DE8}") = "code", "code", "{CAAE01DB-2440-407D-829B-9B1224E6471E}"
EndProject
Project("{FAE04EC0-301F-11D3-BF4B-00C04F79EFBC}") = "LinkedList", "src\code\LinkedList\LinkedList.csproj", "{04E54777-6651-4777-ACC3-DA8D04EB72B0}"
EndProject
Global
	GlobalSection(SolutionConfigurationPlatforms) = preSolution
		Debug|Any CPU = Debug|Any CPU
		Release|Any CPU = Release|Any CPU
	EndGlobalSection
	GlobalSection(SolutionProperties) = preSolution
		HideSolutionNode = FALSE
	EndGlobalSection
	GlobalSection(ProjectConfigurationPlatforms) = postSolution
		{04E54777-6651-4777-ACC3-DA8D04EB72B0}.Debug|Any CPU.ActiveCfg = Debug|Any CPU
		{04E54777-6651-4777-ACC3-DA8D04EB72B0}.Debug|Any CPU.Build.0 = Debug|Any CPU
		{04E54777-6651-4777-ACC3-DA8D04EB72B0}.Release|Any CPU.ActiveCfg = Release|Any CPU
		{04E54777-6651-4777-ACC3-DA8D04EB72B0}.Release|Any CPU.Build.0 = Release|Any CPU
	EndGlobalSection
	GlobalSection(NestedProjects) = preSolution
		{CAAE01DB-2440-407D-829B-9B1224E6471E} = {EEDF3572-A45C-4C76-B154-AB7A4A59944A}
		{04E54777-6651-4777-ACC3-DA8D04EB72B0} = {CAAE01DB-2440-407D-829B-9B1224E6471E}
	EndGlobalSection
EndGlobal
